// !$*UTF8*$!
{
	archiveVersion = 1;
	classes = {
	};
	objectVersion = 46;
	objects = {

/* Begin PBXBuildFile section */
		1894FF891AA6E68900284213 /* UIImage+Image.m in Sources */ = {isa = PBXBuildFile; fileRef = 1894FF881AA6E68900284213 /* UIImage+Image.m */; };
		18E800071AA6AF4800330214 /* main.m in Sources */ = {isa = PBXBuildFile; fileRef = 18E800061AA6AF4800330214 /* main.m */; };
		18E8000A1AA6AF4800330214 /* AppDelegate.m in Sources */ = {isa = PBXBuildFile; fileRef = 18E800091AA6AF4800330214 /* AppDelegate.m */; };
		18E800121AA6AF4800330214 /* Images.xcassets in Resources */ = {isa = PBXBuildFile; fileRef = 18E800111AA6AF4800330214 /* Images.xcassets */; };
		18E800151AA6AF4800330214 /* LaunchScreen.xib in Resources */ = {isa = PBXBuildFile; fileRef = 18E800131AA6AF4800330214 /* LaunchScreen.xib */; };
		18E800211AA6AF4800330214 /* ____Tests.m in Sources */ = {isa = PBXBuildFile; fileRef = 18E800201AA6AF4800330214 /* ____Tests.m */; };
		18E8002D1AA6E17900330214 /* CZTabBarController.m in Sources */ = {isa = PBXBuildFile; fileRef = 18E8002C1AA6E17900330214 /* CZTabBarController.m */; };
		18E800301AA6E28400330214 /* CZOneViewController.m in Sources */ = {isa = PBXBuildFile; fileRef = 18E8002F1AA6E28400330214 /* CZOneViewController.m */; };
		18FFF3471AA6F139002CBA97 /* UIKit.framework in Frameworks */ = {isa = PBXBuildFile; fileRef = 18FFF3461AA6F139002CBA97 /* UIKit.framework */; };
		18FFF34D1AA6FA2A002CBA97 /* CZTabBar.m in Sources */ = {isa = PBXBuildFile; fileRef = 18FFF34C1AA6FA2A002CBA97 /* CZTabBar.m */; };
/* End PBXBuildFile section */

/* Begin PBXContainerItemProxy section */
		18E8001B1AA6AF4800330214 /* PBXContainerItemProxy */ = {
			isa = PBXContainerItemProxy;
			containerPortal = 18E8FFF91AA6AF4800330214 /* Project object */;
			proxyType = 1;
			remoteGlobalIDString = 18E800001AA6AF4800330214;
			remoteInfo = "传智微博";
		};
/* End PBXContainerItemProxy section */

/* Begin PBXFileReference section */
		1894FF871AA6E68900284213 /* UIImage+Image.h */ = {isa = PBXFileReference; fileEncoding = 4; lastKnownFileType = sourcecode.c.h; path = "UIImage+Image.h"; sourceTree = "<group>"; };
		1894FF881AA6E68900284213 /* UIImage+Image.m */ = {isa = PBXFileReference; fileEncoding = 4; lastKnownFileType = sourcecode.c.objc; path = "UIImage+Image.m"; sourceTree = "<group>"; };
		18E800011AA6AF4800330214 /* 传智微博.app */ = {isa = PBXFileReference; explicitFileType = wrapper.application; includeInIndex = 0; path = "传智微博.app"; sourceTree = BUILT_PRODUCTS_DIR; };
		18E800051AA6AF4800330214 /* Info.plist */ = {isa = PBXFileReference; lastKnownFileType = text.plist.xml; path = Info.plist; sourceTree = "<group>"; };
		18E800061AA6AF4800330214 /* main.m */ = {isa = PBXFileReference; lastKnownFileType = sourcecode.c.objc; path = main.m; sourceTree = "<group>"; };
		18E800081AA6AF4800330214 /* AppDelegate.h */ = {isa = PBXFileReference; lastKnownFileType = sourcecode.c.h; path = AppDelegate.h; sourceTree = "<group>"; };
		18E800091AA6AF4800330214 /* AppDelegate.m */ = {isa = PBXFileReference; lastKnownFileType = sourcecode.c.objc; path = AppDelegate.m; sourceTree = "<group>"; };
		18E800111AA6AF4800330214 /* Images.xcassets */ = {isa = PBXFileReference; lastKnownFileType = folder.assetcatalog; path = Images.xcassets; sourceTree = "<group>"; };
		18E800141AA6AF4800330214 /* Base */ = {isa = PBXFileReference; lastKnownFileType = file.xib; name = Base; path = Base.lproj/LaunchScreen.xib; sourceTree = "<group>"; };
		18E8001A1AA6AF4800330214 /* 传智微博Tests.xctest */ = {isa = PBXFileReference; explicitFileType = wrapper.cfbundle; includeInIndex = 0; path = "传智微博Tests.xctest"; sourceTree = BUILT_PRODUCTS_DIR; };
		18E8001F1AA6AF4800330214 /* Info.plist */ = {isa = PBXFileReference; lastKnownFileType = text.plist.xml; path = Info.plist; sourceTree = "<group>"; };
		18E800201AA6AF4800330214 /* ____Tests.m */ = {isa = PBXFileReference; lastKnownFileType = sourcecode.c.objc; path = "____Tests.m"; sourceTree = "<group>"; };
		18E8002B1AA6E17900330214 /* CZTabBarController.h */ = {isa = PBXFileReference; fileEncoding = 4; lastKnownFileType = sourcecode.c.h; path = CZTabBarController.h; sourceTree = "<group>"; };
		18E8002C1AA6E17900330214 /* CZTabBarController.m */ = {isa = PBXFileReference; fileEncoding = 4; lastKnownFileType = sourcecode.c.objc; path = CZTabBarController.m; sourceTree = "<group>"; };
		18E8002E1AA6E28400330214 /* CZOneViewController.h */ = {isa = PBXFileReference; fileEncoding = 4; lastKnownFileType = sourcecode.c.h; path = CZOneViewController.h; sourceTree = "<group>"; };
		18E8002F1AA6E28400330214 /* CZOneViewController.m */ = {isa = PBXFileReference; fileEncoding = 4; lastKnownFileType = sourcecode.c.objc; path = CZOneViewController.m; sourceTree = "<group>"; };
		18FFF3461AA6F139002CBA97 /* UIKit.framework */ = {isa = PBXFileReference; lastKnownFileType = wrapper.framework; name = UIKit.framework; path = System/Library/Frameworks/UIKit.framework; sourceTree = SDKROOT; };
		18FFF34B1AA6FA2A002CBA97 /* CZTabBar.h */ = {isa = PBXFileReference; fileEncoding = 4; lastKnownFileType = sourcecode.c.h; path = CZTabBar.h; sourceTree = "<group>"; };
		18FFF34C1AA6FA2A002CBA97 /* CZTabBar.m */ = {isa = PBXFileReference; fileEncoding = 4; lastKnownFileType = sourcecode.c.objc; path = CZTabBar.m; sourceTree = "<group>"; };
/* End PBXFileReference section */

/* Begin PBXFrameworksBuildPhase section */
		18E800171AA6AF4800330214 /* Frameworks */ = {
			isa = PBXFrameworksBuildPhase;
			buildActionMask = 2147483647;
			files = (
			);
			runOnlyForDeploymentPostprocessing = 0;
		};
		18E8FFFE1AA6AF4800330214 /* Frameworks */ = {
			isa = PBXFrameworksBuildPhase;
			buildActionMask = 2147483647;
			files = (
				18FFF3471AA6F139002CBA97 /* UIKit.framework in Frameworks */,
			);
			runOnlyForDeploymentPostprocessing = 0;
		};
/* End PBXFrameworksBuildPhase section */

/* Begin PBXGroup section */
		18E800021AA6AF4800330214 /* Products */ = {
			isa = PBXGroup;
			children = (
				18E800011AA6AF4800330214 /* 传智微博.app */,
				18E8001A1AA6AF4800330214 /* 传智微博Tests.xctest */,
			);
			name = Products;
			sourceTree = "<group>";
		};
		18E800031AA6AF4800330214 /* 传智微博 */ = {
			isa = PBXGroup;
			children = (
				18E800081AA6AF4800330214 /* AppDelegate.h */,
				18E800091AA6AF4800330214 /* AppDelegate.m */,
				18E8002E1AA6E28400330214 /* CZOneViewController.h */,
				18E8002F1AA6E28400330214 /* CZOneViewController.m */,
				18E800111AA6AF4800330214 /* Images.xcassets */,
				18E800131AA6AF4800330214 /* LaunchScreen.xib */,
				18E800041AA6AF4800330214 /* Supporting Files */,
			);
			path = "传智微博";
			sourceTree = "<group>";
		};
		18E800041AA6AF4800330214 /* Supporting Files */ = {
			isa = PBXGroup;
			children = (
				18E800051AA6AF4800330214 /* Info.plist */,
				18E800061AA6AF4800330214 /* main.m */,
			);
			name = "Supporting Files";
			sourceTree = "<group>";
		};
		18E8001D1AA6AF4800330214 /* 传智微博Tests */ = {
			isa = PBXGroup;
			children = (
				18E800201AA6AF4800330214 /* ____Tests.m */,
				18E8001E1AA6AF4800330214 /* Supporting Files */,
			);
			path = "传智微博Tests";
			sourceTree = "<group>";
		};
		18E8001E1AA6AF4800330214 /* Supporting Files */ = {
			isa = PBXGroup;
			children = (
				18E8001F1AA6AF4800330214 /* Info.plist */,
			);
			name = "Supporting Files";
			sourceTree = "<group>";
		};
		18E8FFF81AA6AF4800330214 = {
			isa = PBXGroup;
			children = (
				18FFF34B1AA6FA2A002CBA97 /* CZTabBar.h */,
				18FFF34C1AA6FA2A002CBA97 /* CZTabBar.m */,
				18FFF3461AA6F139002CBA97 /* UIKit.framework */,
				18E8002B1AA6E17900330214 /* CZTabBarController.h */,
				18E8002C1AA6E17900330214 /* CZTabBarController.m */,
				1894FF871AA6E68900284213 /* UIImage+Image.h */,
				1894FF881AA6E68900284213 /* UIImage+Image.m */,
				18E800031AA6AF4800330214 /* 传智微博 */,
				18E8001D1AA6AF4800330214 /* 传智微博Tests */,
				18E800021AA6AF4800330214 /* Products */,
			);
			sourceTree = "<group>";
		};
/* End PBXGroup section */

/* Begin PBXNativeTarget section */
		18E800001AA6AF4800330214 /* 传智微博 */ = {
			isa = PBXNativeTarget;
			buildConfigurationList = 18E800241AA6AF4800330214 /* Build configuration list for PBXNativeTarget "传智微博" */;
			buildPhases = (
				18E8FFFD1AA6AF4800330214 /* Sources */,
				18E8FFFE1AA6AF4800330214 /* Frameworks */,
				18E8FFFF1AA6AF4800330214 /* Resources */,
			);
			buildRules = (
			);
			dependencies = (
			);
			name = "传智微博";
			productName = "传智微博";
			productReference = 18E800011AA6AF4800330214 /* 传智微博.app */;
			productType = "com.apple.product-type.application";
		};
		18E800191AA6AF4800330214 /* 传智微博Tests */ = {
			isa = PBXNativeTarget;
			buildConfigurationList = 18E800271AA6AF4800330214 /* Build configuration list for PBXNativeTarget "传智微博Tests" */;
			buildPhases = (
				18E800161AA6AF4800330214 /* Sources */,
				18E800171AA6AF4800330214 /* Frameworks */,
				18E800181AA6AF4800330214 /* Resources */,
			);
			buildRules = (
			);
			dependencies = (
				18E8001C1AA6AF4800330214 /* PBXTargetDependency */,
			);
			name = "传智微博Tests";
			productName = "传智微博Tests";
			productReference = 18E8001A1AA6AF4800330214 /* 传智微博Tests.xctest */;
			productType = "com.apple.product-type.bundle.unit-test";
		};
/* End PBXNativeTarget section */

/* Begin PBXProject section */
		18E8FFF91AA6AF4800330214 /* Project object */ = {
			isa = PBXProject;
			attributes = {
				CLASSPREFIX = CZ;
				LastUpgradeCheck = 0610;
				ORGANIZATIONNAME = apple;
				TargetAttributes = {
					18E800001AA6AF4800330214 = {
						CreatedOnToolsVersion = 6.1.1;
					};
					18E800191AA6AF4800330214 = {
						CreatedOnToolsVersion = 6.1.1;
						TestTargetID = 18E800001AA6AF4800330214;
					};
				};
			};
			buildConfigurationList = 18E8FFFC1AA6AF4800330214 /* Build configuration list for PBXProject "传智微博" */;
			compatibilityVersion = "Xcode 3.2";
			developmentRegion = English;
			hasScannedForEncodings = 0;
			knownRegions = (
				en,
				Base,
			);
			mainGroup = 18E8FFF81AA6AF4800330214;
			productRefGroup = 18E800021AA6AF4800330214 /* Products */;
			projectDirPath = "";
			projectRoot = "";
			targets = (
				18E800001AA6AF4800330214 /* 传智微博 */,
				18E800191AA6AF4800330214 /* 传智微博Tests */,
			);
		};
/* End PBXProject section */

/* Begin PBXResourcesBuildPhase section */
		18E800181AA6AF4800330214 /* Resources */ = {
			isa = PBXResourcesBuildPhase;
			buildActionMask = 2147483647;
			files = (
			);
			runOnlyForDeploymentPostprocessing = 0;
		};
		18E8FFFF1AA6AF4800330214 /* Resources */ = {
			isa = PBXResourcesBuildPhase;
			buildActionMask = 2147483647;
			files = (
				18E800151AA6AF4800330214 /* LaunchScreen.xib in Resources */,
				18E800121AA6AF4800330214 /* Images.xcassets in Resources */,
			);
			runOnlyForDeploymentPostprocessing = 0;
		};
/* End PBXResourcesBuildPhase section */

/* Begin PBXSourcesBuildPhase section */
		18E800161AA6AF4800330214 /* Sources */ = {
			isa = PBXSourcesBuildPhase;
			buildActionMask = 2147483647;
			files = (
				18E800211AA6AF4800330214 /* ____Tests.m in Sources */,
			);
			runOnlyForDeploymentPostprocessing = 0;
		};
		18E8FFFD1AA6AF4800330214 /* Sources */ = {
			isa = PBXSourcesBuildPhase;
			buildActionMask = 2147483647;
			files = (
				18FFF34D1AA6FA2A002CBA97 /* CZTabBar.m in Sources */,
				18E8000A1AA6AF4800330214 /* AppDelegate.m in Sources */,
				1894FF891AA6E68900284213 /* UIImage+Image.m in Sources */,
				18E8002D1AA6E17900330214 /* CZTabBarController.m in Sources */,
				18E800301AA6E28400330214 /* CZOneViewController.m in Sources */,
				18E800071AA6AF4800330214 /* main.m in Sources */,
			);
			runOnlyForDeploymentPostprocessing = 0;
		};
/* End PBXSourcesBuildPhase section */

/* Begin PBXTargetDependency section */
		18E8001C1AA6AF4800330214 /* PBXTargetDependency */ = {
			isa = PBXTargetDependency;
			target = 18E800001AA6AF4800330214 /* 传智微博 */;
			targetProxy = 18E8001B1AA6AF4800330214 /* PBXContainerItemProxy */;
		};
/* End PBXTargetDependency section */

/* Begin PBXVariantGroup section */
		18E800131AA6AF4800330214 /* LaunchScreen.xib */ = {
			isa = PBXVariantGroup;
			children = (
				18E800141AA6AF4800330214 /* Base */,
			);
			name = LaunchScreen.xib;
			sourceTree = "<group>";
		};
/* End PBXVariantGroup section */

/* Begin XCBuildConfiguration section */
		18E800221AA6AF4800330214 /* Debug */ = {
			isa = XCBuildConfiguration;
			buildSettings = {
				ALWAYS_SEARCH_USER_PATHS = NO;
				CLANG_CXX_LANGUAGE_STANDARD = "gnu++0x";
				CLANG_CXX_LIBRARY = "libc++";
				CLANG_ENABLE_MODULES = YES;
				CLANG_ENABLE_OBJC_ARC = YES;
				CLANG_WARN_BOOL_CONVERSION = YES;
				CLANG_WARN_CONSTANT_CONVERSION = YES;
				CLANG_WARN_DIRECT_OBJC_ISA_USAGE = YES_ERROR;
				CLANG_WARN_EMPTY_BODY = YES;
				CLANG_WARN_ENUM_CONVERSION = YES;
				CLANG_WARN_INT_CONVERSION = YES;
				CLANG_WARN_OBJC_ROOT_CLASS = YES_ERROR;
				CLANG_WARN_UNREACHABLE_CODE = YES;
				CLANG_WARN__DUPLICATE_METHOD_MATCH = YES;
				"CODE_SIGN_IDENTITY[sdk=iphoneos*]" = "iPhone Developer";
				COPY_PHASE_STRIP = NO;
				ENABLE_STRICT_OBJC_MSGSEND = YES;
				GCC_C_LANGUAGE_STANDARD = gnu99;
				GCC_DYNAMIC_NO_PIC = NO;
				GCC_OPTIMIZATION_LEVEL = 0;
				GCC_PREPROCESSOR_DEFINITIONS = (
					"DEBUG=1",
					"$(inherited)",
				);
				GCC_SYMBOLS_PRIVATE_EXTERN = NO;
				GCC_WARN_64_TO_32_BIT_CONVERSION = YES;
				GCC_WARN_ABOUT_RETURN_TYPE = YES_ERROR;
				GCC_WARN_UNDECLARED_SELECTOR = YES;
				GCC_WARN_UNINITIALIZED_AUTOS = YES_AGGRESSIVE;
				GCC_WARN_UNUSED_FUNCTION = YES;
				GCC_WARN_UNUSED_VARIABLE = YES;
				IPHONEOS_DEPLOYMENT_TARGET = 8.1;
				MTL_ENABLE_DEBUG_INFO = YES;
				ONLY_ACTIVE_ARCH = YES;
				SDKROOT = iphoneos;
			};
			name = Debug;
		};
		18E800231AA6AF4800330214 /* Release */ = {
			isa = XCBuildConfiguration;
			buildSettings = {
				ALWAYS_SEARCH_USER_PATHS = NO;
				CLANG_CXX_LANGUAGE_STANDARD = "gnu++0x";
				CLANG_CXX_LIBRARY = "libc++";
				CLANG_ENABLE_MODULES = YES;
				CLANG_ENABLE_OBJC_ARC = YES;
				CLANG_WARN_BOOL_CONVERSION = YES;
				CLANG_WARN_CONSTANT_CONVERSION = YES;
				CLANG_WARN_DIRECT_OBJC_ISA_USAGE = YES_ERROR;
				CLANG_WARN_EMPTY_BODY = YES;
				CLANG_WARN_ENUM_CONVERSION = YES;
				CLANG_WARN_INT_CONVERSION = YES;
				CLANG_WARN_OBJC_ROOT_CLASS = YES_ERROR;
				CLANG_WARN_UNREACHABLE_CODE = YES;
				CLANG_WARN__DUPLICATE_METHOD_MATCH = YES;
				"CODE_SIGN_IDENTITY[sdk=iphoneos*]" = "iPhone Developer";
				COPY_PHASE_STRIP = YES;
				ENABLE_NS_ASSERTIONS = NO;
				ENABLE_STRICT_OBJC_MSGSEND = YES;
				GCC_C_LANGUAGE_STANDARD = gnu99;
				GCC_WARN_64_TO_32_BIT_CONVERSION = YES;
				GCC_WARN_ABOUT_RETURN_TYPE = YES_ERROR;
				GCC_WARN_UNDECLARED_SELECTOR = YES;
				GCC_WARN_UNINITIALIZED_AUTOS = YES_AGGRESSIVE;
				GCC_WARN_UNUSED_FUNCTION = YES;
				GCC_WARN_UNUSED_VARIABLE = YES;
				IPHONEOS_DEPLOYMENT_TARGET = 8.1;
				MTL_ENABLE_DEBUG_INFO = NO;
				SDKROOT = iphoneos;
				VALIDATE_PRODUCT = YES;
			};
			name = Release;
		};
		18E800251AA6AF4800330214 /* Debug */ = {
			isa = XCBuildConfiguration;
			buildSettings = {
				ASSETCATALOG_COMPILER_APPICON_NAME = AppIcon;
				ASSETCATALOG_COMPILER_LAUNCHIMAGE_NAME = LaunchImage;
				ENABLE_STRICT_OBJC_MSGSEND = NO;
				INFOPLIST_FILE = "传智微博/Info.plist";
				IPHONEOS_DEPLOYMENT_TARGET = 7.0;
				LD_RUNPATH_SEARCH_PATHS = "$(inherited) @executable_path/Frameworks";
				PRODUCT_NAME = "$(TARGET_NAME)";
			};
			name = Debug;
		};
		18E800261AA6AF4800330214 /* Release */ = {
			isa = XCBuildConfiguration;
			buildSettings = {
				ASSETCATALOG_COMPILER_APPICON_NAME = AppIcon;
				ASSETCATALOG_COMPILER_LAUNCHIMAGE_NAME = LaunchImage;
				ENABLE_STRICT_OBJC_MSGSEND = NO;
				INFOPLIST_FILE = "传智微博/Info.plist";
				IPHONEOS_DEPLOYMENT_TARGET = 7.0;
				LD_RUNPATH_SEARCH_PATHS = "$(inherited) @executable_path/Frameworks";
				PRODUCT_NAME = "$(TARGET_NAME)";
			};
			name = Release;
		};
		18E800281AA6AF4800330214 /* Debug */ = {
			isa = XCBuildConfiguration;
			buildSettings = {
				BUNDLE_LOADER = "$(TEST_HOST)";
				FRAMEWORK_SEARCH_PATHS = (
					"$(SDKROOT)/Developer/Library/Frameworks",
					"$(inherited)",
				);
				GCC_PREPROCESSOR_DEFINITIONS = (
					"DEBUG=1",
					"$(inherited)",
				);
				INFOPLIST_FILE = "传智微博Tests/Info.plist";
				LD_RUNPATH_SEARCH_PATHS = "$(inherited) @executable_path/Frameworks @loader_path/Frameworks";
				PRODUCT_NAME = "$(TARGET_NAME)";
				TEST_HOST = "$(BUILT_PRODUCTS_DIR)/传智微博.app/传智微博";
			};
			name = Debug;
		};
		18E800291AA6AF4800330214 /* Release */ = {
			isa = XCBuildConfiguration;
			buildSettings = {
				BUNDLE_LOADER = "$(TEST_HOST)";
				FRAMEWORK_SEARCH_PATHS = (
					"$(SDKROOT)/Developer/Library/Frameworks",
					"$(inherited)",
				);
				INFOPLIST_FILE = "传智微博Tests/Info.plist";
				LD_RUNPATH_SEARCH_PATHS = "$(inherited) @executable_path/Frameworks @loader_path/Frameworks";
				PRODUCT_NAME = "$(TARGET_NAME)";
				TEST_HOST = "$(BUILT_PRODUCTS_DIR)/传智微博.app/传智微博";
			};
			name = Release;
		};
/* End XCBuildConfiguration section */

/* Begin XCConfigurationList section */
		18E800241AA6AF4800330214 /* Build configuration list for PBXNativeTarget "传智微博" */ = {
			isa = XCConfigurationList;
			buildConfigurations = (
				18E800251AA6AF4800330214 /* Debug */,
				18E800261AA6AF4800330214 /* Release */,
			);
			defaultConfigurationIsVisible = 0;
			defaultConfigurationName = Release;
		};
		18E800271AA6AF4800330214 /* Build configuration list for PBXNativeTarget "传智微博Tests" */ = {
			isa = XCConfigurationList;
			buildConfigurations = (
				18E800281AA6AF4800330214 /* Debug */,
				18E800291AA6AF4800330214 /* Release */,
			);
			defaultConfigurationIsVisible = 0;
			defaultConfigurationName = Release;
		};
		18E8FFFC1AA6AF4800330214 /* Build configuration list for PBXProject "传智微博" */ = {
			isa = XCConfigurationList;
			buildConfigurations = (
				18E800221AA6AF4800330214 /* Debug */,
				18E800231AA6AF4800330214 /* Release */,
			);
			defaultConfigurationIsVisible = 0;
			defaultConfigurationName = Release;
		};
/* End XCConfigurationList section */
	};
	rootObject = 18E8FFF91AA6AF4800330214 /* Project object */;
}
